
Microsoft Visual Studio Solution File, Format Version 12.00
# Visual Studio Version 17
VisualStudioVersion = 17.5.33530.505
MinimumVisualStudioVersion = 10.0.40219.1
Project("{FAE04EC0-301F-11D3-BF4B-00C04F79EFBC}") = "console_Derevo_Moskvitina", "console_Derevo_Moskvitina\console_Derevo_Moskvitina.csproj", "{55A95B76-24CA-424D-8360-DDCCCE922028}"
EndProject
Global
	GlobalSection(SolutionConfigurationPlatforms) = preSolution
		Debug|Any CPU = Debug|Any CPU
		Release|Any CPU = Release|Any CPU
	EndGlobalSection
	GlobalSection(ProjectConfigurationPlatforms) = postSolution
		{55A95B76-24CA-424D-8360-DDCCCE922028}.Debug|Any CPU.ActiveCfg = Debug|Any CPU
		{55A95B76-24CA-424D-8360-DDCCCE922028}.Debug|Any CPU.Build.0 = Debug|Any CPU
		{55A95B76-24CA-424D-8360-DDCCCE922028}.Release|Any CPU.ActiveCfg = Release|Any CPU
		{55A95B76-24CA-424D-8360-DDCCCE922028}.Release|Any CPU.Build.0 = Release|Any CPU
	EndGlobalSection
	GlobalSection(SolutionProperties) = preSolution
		HideSolutionNode = FALSE
	EndGlobalSection
	GlobalSection(ExtensibilityGlobals) = postSolution
		SolutionGuid = {1DDCBC89-4245-4EB9-8BCB-0D3B04247E7B}
	EndGlobalSection
EndGlobal
